Microsoft Visual Studio Solution File, Format Version 12.00
# Visual Studio Version 17
VisualStudioVersion = 17.5.2.0
MinimumVisualStudioVersion = 10.0.40219.1
Project("{FAE04EC0-301F-11D3-BF4B-00C04F79EFBC}") = "HelloAustralia", "HelloAustralia.csproj", "{29D23C80-97BA-7499-72EF-F64BC8C97B0D}"
EndProject
Global
	GlobalSection(SolutionConfigurationPlatforms) = preSolution
		Debug|Any CPU = Debug|Any CPU
		Release|Any CPU = Release|Any CPU
	EndGlobalSection
	GlobalSection(ProjectConfigurationPlatforms) = postSolution
		{29D23C80-97BA-7499-72EF-F64BC8C97B0D}.Debug|Any CPU.ActiveCfg = Debug|Any CPU
		{29D23C80-97BA-7499-72EF-F64BC8C97B0D}.Debug|Any CPU.Build.0 = Debug|Any CPU
		{29D23C80-97BA-7499-72EF-F64BC8C97B0D}.Release|Any CPU.ActiveCfg = Release|Any CPU
		{29D23C80-97BA-7499-72EF-F64BC8C97B0D}.Release|Any CPU.Build.0 = Release|Any CPU
	EndGlobalSection
	GlobalSection(SolutionProperties) = preSolution
		HideSolutionNode = FALSE
	EndGlobalSection
	GlobalSection(ExtensibilityGlobals) = postSolution
		SolutionGuid = {D8582085-D918-4DEE-A744-D7D6CD985578}
	EndGlobalSection
EndGlobal
